PODS:
  - IQPurchaseKit (1.0.0)
  - SwiftLint (0.62.2)

DEPENDENCIES:
  - IQPurchaseKit (from `../`)
  - SwiftLint

SPEC REPOS:
  trunk:
    - SwiftLint

EXTERNAL SOURCES:
  IQPurchaseKit:
    :path: "../"

SPEC CHECKSUMS:
  IQPurchaseKit: 4d66ea0b2686aba1ed7801b6aee19506d8c00b5f
  SwiftLint: f84fc7d844e9cde0dc4f5013af608a269e317aba

PODFILE CHECKSUM: ad573469794c96956a49e024b4c5e3f878db9037

COCOAPODS: 1.17.0
